
Microsoft Visual Studio Solution File, Format Version 12.00
# Visual Studio 2013
VisualStudioVersion = 12.0.21005.1
MinimumVisualStudioVersion = 10.0.40219.1
Project("{FAE04EC0-301F-11D3-BF4B-00C04F79EFBC}") = "HelloWorld3.PCL", "HelloWorld3.PCL/HelloWorld3.PCL.csproj", "{30808e80-2e19-421d-8070-4709b9b8195b}"
EndProject
Project("{FAE04EC0-301F-11D3-BF4B-00C04F79EFBC}") = "HelloWorld3.Tests", "HelloWorld3.Tests/HelloWorld3.Tests.csproj", "{be86d014-3460-412f-90c3-1a91e61c9bf5}"
EndProject
Global
    GlobalSection(SolutionConfigurationPlatforms) = preSolution
        Debug|Any CPU = Debug|Any CPU
        Release|Any CPU = Release|Any CPU
    EndGlobalSection
    GlobalSection(ProjectConfigurationPlatforms) = postSolution
        {30808e80-2e19-421d-8070-4709b9b8195b}.Debug|Any CPU.ActiveCfg = Debug|Any CPU
        {30808e80-2e19-421d-8070-4709b9b8195b}.Debug|Any CPU.Build.0 = Debug|Any CPU
        {30808e80-2e19-421d-8070-4709b9b8195b}.Release|Any CPU.ActiveCfg = Release|Any CPU
        {30808e80-2e19-421d-8070-4709b9b8195b}.Release|Any CPU.Build.0 = Release|Any CPU
        {be86d014-3460-412f-90c3-1a91e61c9bf5}.Debug|Any CPU.ActiveCfg = Debug|Any CPU
        {be86d014-3460-412f-90c3-1a91e61c9bf5}.Debug|Any CPU.Build.0 = Debug|Any CPU
        {be86d014-3460-412f-90c3-1a91e61c9bf5}.Release|Any CPU.ActiveCfg = Release|Any CPU
        {be86d014-3460-412f-90c3-1a91e61c9bf5}.Release|Any CPU.Build.0 = Release|Any CPU
    EndGlobalSection
    GlobalSection(SolutionProperties) = preSolution
        HideSolutionNode = FALSE
    EndGlobalSection
EndGlobal
